
Microsoft Visual Studio Solution File, Format Version 12.00
# Visual Studio 15
VisualStudioVersion = 15.0.26124.0
MinimumVisualStudioVersion = 15.0.26124.0
Project("{FAE04EC0-301F-11D3-BF4B-00C04F79EFBC}") = "ListaTarefaKanban-API", "ListaTarefaKanban-API\ListaTarefaKanban-API.csproj", "{8ED520CF-2D77-4AAE-A6A1-0080F41F1C84}"
EndProject
Project("{FAE04EC0-301F-11D3-BF4B-00C04F79EFBC}") = "ListaTarefaKanban-Domain", "ListaTarefaKanban-Domain\ListaTarefaKanban-Domain.csproj", "{1C5DEE9A-89EA-4156-B7CB-2AEBF1B295CF}"
EndProject
Project("{FAE04EC0-301F-11D3-BF4B-00C04F79EFBC}") = "ListaTarefaKanban-Repository", "ListaTarefaKanban-Repository\ListaTarefaKanban-Repository.csproj", "{98FB756E-6C81-4F44-8B5B-473ABC29654A}"
EndProject
Global
	GlobalSection(SolutionConfigurationPlatforms) = preSolution
		Debug|Any CPU = Debug|Any CPU
		Debug|x64 = Debug|x64
		Debug|x86 = Debug|x86
		Release|Any CPU = Release|Any CPU
		Release|x64 = Release|x64
		Release|x86 = Release|x86
	EndGlobalSection
	GlobalSection(SolutionProperties) = preSolution
		HideSolutionNode = FALSE
	EndGlobalSection
	GlobalSection(ProjectConfigurationPlatforms) = postSolution
		{8ED520CF-2D77-4AAE-A6A1-0080F41F1C84}.Debug|Any CPU.ActiveCfg = Debug|Any CPU
		{8ED520CF-2D77-4AAE-A6A1-0080F41F1C84}.Debug|Any CPU.Build.0 = Debug|Any CPU
		{8ED520CF-2D77-4AAE-A6A1-0080F41F1C84}.Debug|x64.ActiveCfg = Debug|Any CPU
		{8ED520CF-2D77-4AAE-A6A1-0080F41F1C84}.Debug|x64.Build.0 = Debug|Any CPU
		{8ED520CF-2D77-4AAE-A6A1-0080F41F1C84}.Debug|x86.ActiveCfg = Debug|Any CPU
		{8ED520CF-2D77-4AAE-A6A1-0080F41F1C84}.Debug|x86.Build.0 = Debug|Any CPU
		{8ED520CF-2D77-4AAE-A6A1-0080F41F1C84}.Release|Any CPU.ActiveCfg = Release|Any CPU
		{8ED520CF-2D77-4AAE-A6A1-0080F41F1C84}.Release|Any CPU.Build.0 = Release|Any CPU
		{8ED520CF-2D77-4AAE-A6A1-0080F41F1C84}.Release|x64.ActiveCfg = Release|Any CPU
		{8ED520CF-2D77-4AAE-A6A1-0080F41F1C84}.Release|x64.Build.0 = Release|Any CPU
		{8ED520CF-2D77-4AAE-A6A1-0080F41F1C84}.Release|x86.ActiveCfg = Release|Any CPU
		{8ED520CF-2D77-4AAE-A6A1-0080F41F1C84}.Release|x86.Build.0 = Release|Any CPU
		{1C5DEE9A-89EA-4156-B7CB-2AEBF1B295CF}.Debug|Any CPU.ActiveCfg = Debug|Any CPU
		{1C5DEE9A-89EA-4156-B7CB-2AEBF1B295CF}.Debug|Any CPU.Build.0 = Debug|Any CPU
		{1C5DEE9A-89EA-4156-B7CB-2AEBF1B295CF}.Debug|x64.ActiveCfg = Debug|Any CPU
		{1C5DEE9A-89EA-4156-B7CB-2AEBF1B295CF}.Debug|x64.Build.0 = Debug|Any CPU
		{1C5DEE9A-89EA-4156-B7CB-2AEBF1B295CF}.Debug|x86.ActiveCfg = Debug|Any CPU
		{1C5DEE9A-89EA-4156-B7CB-2AEBF1B295CF}.Debug|x86.Build.0 = Debug|Any CPU
		{1C5DEE9A-89EA-4156-B7CB-2AEBF1B295CF}.Release|Any CPU.ActiveCfg = Release|Any CPU
		{1C5DEE9A-89EA-4156-B7CB-2AEBF1B295CF}.Release|Any CPU.Build.0 = Release|Any CPU
		{1C5DEE9A-89EA-4156-B7CB-2AEBF1B295CF}.Release|x64.ActiveCfg = Release|Any CPU
		{1C5DEE9A-89EA-4156-B7CB-2AEBF1B295CF}.Release|x64.Build.0 = Release|Any CPU
		{1C5DEE9A-89EA-4156-B7CB-2AEBF1B295CF}.Release|x86.ActiveCfg = Release|Any CPU
		{1C5DEE9A-89EA-4156-B7CB-2AEBF1B295CF}.Release|x86.Build.0 = Release|Any CPU
		{98FB756E-6C81-4F44-8B5B-473ABC29654A}.Debug|Any CPU.ActiveCfg = Debug|Any CPU
		{98FB756E-6C81-4F44-8B5B-473ABC29654A}.Debug|Any CPU.Build.0 = Debug|Any CPU
		{98FB756E-6C81-4F44-8B5B-473ABC29654A}.Debug|x64.ActiveCfg = Debug|Any CPU
		{98FB756E-6C81-4F44-8B5B-473ABC29654A}.Debug|x64.Build.0 = Debug|Any CPU
		{98FB756E-6C81-4F44-8B5B-473ABC29654A}.Debug|x86.ActiveCfg = Debug|Any CPU
		{98FB756E-6C81-4F44-8B5B-473ABC29654A}.Debug|x86.Build.0 = Debug|Any CPU
		{98FB756E-6C81-4F44-8B5B-473ABC29654A}.Release|Any CPU.ActiveCfg = Release|Any CPU
		{98FB756E-6C81-4F44-8B5B-473ABC29654A}.Release|Any CPU.Build.0 = Release|Any CPU
		{98FB756E-6C81-4F44-8B5B-473ABC29654A}.Release|x64.ActiveCfg = Release|Any CPU
		{98FB756E-6C81-4F44-8B5B-473ABC29654A}.Release|x64.Build.0 = Release|Any CPU
		{98FB756E-6C81-4F44-8B5B-473ABC29654A}.Release|x86.ActiveCfg = Release|Any CPU
		{98FB756E-6C81-4F44-8B5B-473ABC29654A}.Release|x86.Build.0 = Release|Any CPU
	EndGlobalSection
EndGlobal
